// !$*UTF8*$!
{
	archiveVersion = 1;
	classes = {
	};
	objectVersion = 56;
	objects = {

/* Begin PBXBuildFile section */
		C0391A88299B2D68007E59C4 /* PokemonDescription.swift in Sources */ = {isa = PBXBuildFile; fileRef = C0391A87299B2D68007E59C4 /* PokemonDescription.swift */; };
		C074362F299999590085C29D /* PokedexApp.swift in Sources */ = {isa = PBXBuildFile; fileRef = C074362E299999590085C29D /* PokedexApp.swift */; };
		C0743631299999590085C29D /* ContentView.swift in Sources */ = {isa = PBXBuildFile; fileRef = C0743630299999590085C29D /* ContentView.swift */; };
		C07436332999995A0085C29D /* Assets.xcassets in Resources */ = {isa = PBXBuildFile; fileRef = C07436322999995A0085C29D /* Assets.xcassets */; };
		C07436362999995A0085C29D /* Preview Assets.xcassets in Resources */ = {isa = PBXBuildFile; fileRef = C07436352999995A0085C29D /* Preview Assets.xcassets */; };
		C07436402999995A0085C29D /* PokedexTests.swift in Sources */ = {isa = PBXBuildFile; fileRef = C074363F2999995A0085C29D /* PokedexTests.swift */; };
		C074364A2999995A0085C29D /* PokedexUITests.swift in Sources */ = {isa = PBXBuildFile; fileRef = C07436492999995A0085C29D /* PokedexUITests.swift */; };
		C074364C2999995A0085C29D /* PokedexUITestsLaunchTests.swift in Sources */ = {isa = PBXBuildFile; fileRef = C074364B2999995A0085C29D /* PokedexUITestsLaunchTests.swift */; };
		C074365B29999A450085C29D /* Pokemon.swift in Sources */ = {isa = PBXBuildFile; fileRef = C074365A29999A450085C29D /* Pokemon.swift */; };
		C074365E2999A1AA0085C29D /* PokemonSelected.swift in Sources */ = {isa = PBXBuildFile; fileRef = C074365D2999A1AA0085C29D /* PokemonSelected.swift */; };
		C07436602999A6DE0085C29D /* PokemonImage.swift in Sources */ = {isa = PBXBuildFile; fileRef = C074365F2999A6DE0085C29D /* PokemonImage.swift */; };
		C08AD9C1299BAC9700B25DAD /* CacheableImage.swift in Sources */ = {isa = PBXBuildFile; fileRef = C08AD9C0299BAC9700B25DAD /* CacheableImage.swift */; };
		C08ED8F22C95056E00DAE77A /* PokemonIntent.swift in Sources */ = {isa = PBXBuildFile; fileRef = C08ED8F12C95056E00DAE77A /* PokemonIntent.swift */; };
		C08ED8F42C95076E00DAE77A /* PokemonShortcuts.swift in Sources */ = {isa = PBXBuildFile; fileRef = C08ED8F32C95076E00DAE77A /* PokemonShortcuts.swift */; };
		C0D290182C813970003B4612 /* PkmnTypeBadge.swift in Sources */ = {isa = PBXBuildFile; fileRef = C0D290172C813970003B4612 /* PkmnTypeBadge.swift */; };
/* End PBXBuildFile section */

/* Begin PBXContainerItemProxy section */
		C074363C2999995A0085C29D /* PBXContainerItemProxy */ = {
			isa = PBXContainerItemProxy;
			containerPortal = C0743623299999590085C29D /* Project object */;
			proxyType = 1;
			remoteGlobalIDString = C074362A299999590085C29D;
			remoteInfo = Pokedex;
		};
		C07436462999995A0085C29D /* PBXContainerItemProxy */ = {
			isa = PBXContainerItemProxy;
			containerPortal = C0743623299999590085C29D /* Project object */;
			proxyType = 1;
			remoteGlobalIDString = C074362A299999590085C29D;
			remoteInfo = Pokedex;
		};
/* End PBXContainerItemProxy section */

/* Begin PBXFileReference section */
		C0391A87299B2D68007E59C4 /* PokemonDescription.swift */ = {isa = PBXFileReference; lastKnownFileType = sourcecode.swift; path = PokemonDescription.swift; sourceTree = "<group>"; };
		C074362B299999590085C29D /* Pokedex.app */ = {isa = PBXFileReference; explicitFileType = wrapper.application; includeInIndex = 0; path = Pokedex.app; sourceTree = BUILT_PRODUCTS_DIR; };
		C074362E299999590085C29D /* PokedexApp.swift */ = {isa = PBXFileReference; lastKnownFileType = sourcecode.swift; path = PokedexApp.swift; sourceTree = "<group>"; };
		C0743630299999590085C29D /* ContentView.swift */ = {isa = PBXFileReference; lastKnownFileType = sourcecode.swift; path = ContentView.swift; sourceTree = "<group>"; };
		C07436322999995A0085C29D /* Assets.xcassets */ = {isa = PBXFileReference; lastKnownFileType = folder.assetcatalog; path = Assets.xcassets; sourceTree = "<group>"; };
		C07436352999995A0085C29D /* Preview Assets.xcassets */ = {isa = PBXFileReference; lastKnownFileType = folder.assetcatalog; path = "Preview Assets.xcassets"; sourceTree = "<group>"; };
		C074363B2999995A0085C29D /* PokedexTests.xctest */ = {isa = PBXFileReference; explicitFileType = wrapper.cfbundle; includeInIndex = 0; path = PokedexTests.xctest; sourceTree = BUILT_PRODUCTS_DIR; };
		C074363F2999995A0085C29D /* PokedexTests.swift */ = {isa = PBXFileReference; lastKnownFileType = sourcecode.swift; path = PokedexTests.swift; sourceTree = "<group>"; };
		C07436452999995A0085C29D /* PokedexUITests.xctest */ = {isa = PBXFileReference; explicitFileType = wrapper.cfbundle; includeInIndex = 0; path = PokedexUITests.xctest; sourceTree = BUILT_PRODUCTS_DIR; };
		C07436492999995A0085C29D /* PokedexUITests.swift */ = {isa = PBXFileReference; lastKnownFileType = sourcecode.swift; path = PokedexUITests.swift; sourceTree = "<group>"; };
		C074364B2999995A0085C29D /* PokedexUITestsLaunchTests.swift */ = {isa = PBXFileReference; lastKnownFileType = sourcecode.swift; path = PokedexUITestsLaunchTests.swift; sourceTree = "<group>"; };
		C074365A29999A450085C29D /* Pokemon.swift */ = {isa = PBXFileReference; lastKnownFileType = sourcecode.swift; path = Pokemon.swift; sourceTree = "<group>"; };
		C074365D2999A1AA0085C29D /* PokemonSelected.swift */ = {isa = PBXFileReference; lastKnownFileType = sourcecode.swift; path = PokemonSelected.swift; sourceTree = "<group>"; };
		C074365F2999A6DE0085C29D /* PokemonImage.swift */ = {isa = PBXFileReference; lastKnownFileType = sourcecode.swift; path = PokemonImage.swift; sourceTree = "<group>"; };
		C08AD9C0299BAC9700B25DAD /* CacheableImage.swift */ = {isa = PBXFileReference; lastKnownFileType = sourcecode.swift; path = CacheableImage.swift; sourceTree = "<group>"; };
		C08ED8F12C95056E00DAE77A /* PokemonIntent.swift */ = {isa = PBXFileReference; lastKnownFileType = sourcecode.swift; path = PokemonIntent.swift; sourceTree = "<group>"; };
		C08ED8F32C95076E00DAE77A /* PokemonShortcuts.swift */ = {isa = PBXFileReference; lastKnownFileType = sourcecode.swift; path = PokemonShortcuts.swift; sourceTree = "<group>"; };
		C0D290172C813970003B4612 /* PkmnTypeBadge.swift */ = {isa = PBXFileReference; lastKnownFileType = sourcecode.swift; path = PkmnTypeBadge.swift; sourceTree = "<group>"; };
/* End PBXFileReference section */

/* Begin PBXFrameworksBuildPhase section */
		C0743628299999590085C29D /* Frameworks */ = {
			isa = PBXFrameworksBuildPhase;
			buildActionMask = 2147483647;
			files = (
			);
			runOnlyForDeploymentPostprocessing = 0;
		};
		C07436382999995A0085C29D /* Frameworks */ = {
			isa = PBXFrameworksBuildPhase;
			buildActionMask = 2147483647;
			files = (
			);
			runOnlyForDeploymentPostprocessing = 0;
		};
		C07436422999995A0085C29D /* Frameworks */ = {
			isa = PBXFrameworksBuildPhase;
			buildActionMask = 2147483647;
			files = (
			);
			runOnlyForDeploymentPostprocessing = 0;
		};
/* End PBXFrameworksBuildPhase section */

/* Begin PBXGroup section */
		C0743622299999590085C29D = {
			isa = PBXGroup;
			children = (
				C074362D299999590085C29D /* Pokedex */,
				C074363E2999995A0085C29D /* PokedexTests */,
				C07436482999995A0085C29D /* PokedexUITests */,
				C074362C299999590085C29D /* Products */,
			);
			sourceTree = "<group>";
		};
		C074362C299999590085C29D /* Products */ = {
			isa = PBXGroup;
			children = (
				C074362B299999590085C29D /* Pokedex.app */,
				C074363B2999995A0085C29D /* PokedexTests.xctest */,
				C07436452999995A0085C29D /* PokedexUITests.xctest */,
			);
			name = Products;
			sourceTree = "<group>";
		};
		C074362D299999590085C29D /* Pokedex */ = {
			isa = PBXGroup;
			children = (
				C074362E299999590085C29D /* PokedexApp.swift */,
				C08ED8F02C95054B00DAE77A /* App Intents */,
				C074365929999A1B0085C29D /* API */,
				C0743658299999F20085C29D /* Views */,
				C07436322999995A0085C29D /* Assets.xcassets */,
				C07436342999995A0085C29D /* Preview Content */,
			);
			path = Pokedex;
			sourceTree = "<group>";
		};
		C07436342999995A0085C29D /* Preview Content */ = {
			isa = PBXGroup;
			children = (
				C07436352999995A0085C29D /* Preview Assets.xcassets */,
			);
			path = "Preview Content";
			sourceTree = "<group>";
		};
		C074363E2999995A0085C29D /* PokedexTests */ = {
			isa = PBXGroup;
			children = (
				C074363F2999995A0085C29D /* PokedexTests.swift */,
			);
			path = PokedexTests;
			sourceTree = "<group>";
		};
		C07436482999995A0085C29D /* PokedexUITests */ = {
			isa = PBXGroup;
			children = (
				C07436492999995A0085C29D /* PokedexUITests.swift */,
				C074364B2999995A0085C29D /* PokedexUITestsLaunchTests.swift */,
			);
			path = PokedexUITests;
			sourceTree = "<group>";
		};
		C0743658299999F20085C29D /* Views */ = {
			isa = PBXGroup;
			children = (
				C0743630299999590085C29D /* ContentView.swift */,
				C074365F2999A6DE0085C29D /* PokemonImage.swift */,
				C0391A87299B2D68007E59C4 /* PokemonDescription.swift */,
				C08AD9C0299BAC9700B25DAD /* CacheableImage.swift */,
				C0D290172C813970003B4612 /* PkmnTypeBadge.swift */,
			);
			path = Views;
			sourceTree = "<group>";
		};
		C074365929999A1B0085C29D /* API */ = {
			isa = PBXGroup;
			children = (
				C074365A29999A450085C29D /* Pokemon.swift */,
				C074365D2999A1AA0085C29D /* PokemonSelected.swift */,
			);
			path = API;
			sourceTree = "<group>";
		};
		C08ED8F02C95054B00DAE77A /* App Intents */ = {
			isa = PBXGroup;
			children = (
				C08ED8F12C95056E00DAE77A /* PokemonIntent.swift */,
				C08ED8F32C95076E00DAE77A /* PokemonShortcuts.swift */,
			);
			path = "App Intents";
			sourceTree = "<group>";
		};
/* End PBXGroup section */

/* Begin PBXNativeTarget section */
		C074362A299999590085C29D /* Pokedex */ = {
			isa = PBXNativeTarget;
			buildConfigurationList = C074364F2999995A0085C29D /* Build configuration list for PBXNativeTarget "Pokedex" */;
			buildPhases = (
				C0743627299999590085C29D /* Sources */,
				C0743628299999590085C29D /* Frameworks */,
				C0743629299999590085C29D /* Resources */,
			);
			buildRules = (
			);
			dependencies = (
			);
			name = Pokedex;
			productName = Pokedex;
			productReference = C074362B299999590085C29D /* Pokedex.app */;
			productType = "com.apple.product-type.application";
		};
		C074363A2999995A0085C29D /* PokedexTests */ = {
			isa = PBXNativeTarget;
			buildConfigurationList = C07436522999995A0085C29D /* Build configuration list for PBXNativeTarget "PokedexTests" */;
			buildPhases = (
				C07436372999995A0085C29D /* Sources */,
				C07436382999995A0085C29D /* Frameworks */,
				C07436392999995A0085C29D /* Resources */,
			);
			buildRules = (
			);
			dependencies = (
				C074363D2999995A0085C29D /* PBXTargetDependency */,
			);
			name = PokedexTests;
			productName = PokedexTests;
			productReference = C074363B2999995A0085C29D /* PokedexTests.xctest */;
			productType = "com.apple.product-type.bundle.unit-test";
		};
		C07436442999995A0085C29D /* PokedexUITests */ = {
			isa = PBXNativeTarget;
			buildConfigurationList = C07436552999995A0085C29D /* Build configuration list for PBXNativeTarget "PokedexUITests" */;
			buildPhases = (
				C07436412999995A0085C29D /* Sources */,
				C07436422999995A0085C29D /* Frameworks */,
				C07436432999995A0085C29D /* Resources */,
			);
			buildRules = (
			);
			dependencies = (
				C07436472999995A0085C29D /* PBXTargetDependency */,
			);
			name = PokedexUITests;
			productName = PokedexUITests;
			productReference = C07436452999995A0085C29D /* PokedexUITests.xctest */;
			productType = "com.apple.product-type.bundle.ui-testing";
		};
/* End PBXNativeTarget section */

/* Begin PBXProject section */
		C0743623299999590085C29D /* Project object */ = {
			isa = PBXProject;
			attributes = {
				BuildIndependentTargetsInParallel = 1;
				LastSwiftUpdateCheck = 1400;
				LastUpgradeCheck = 1400;
				TargetAttributes = {
					C074362A299999590085C29D = {
						CreatedOnToolsVersion = 14.0;
					};
					C074363A2999995A0085C29D = {
						CreatedOnToolsVersion = 14.0;
						TestTargetID = C074362A299999590085C29D;
					};
					C07436442999995A0085C29D = {
						CreatedOnToolsVersion = 14.0;
						TestTargetID = C074362A299999590085C29D;
					};
				};
			};
			buildConfigurationList = C0743626299999590085C29D /* Build configuration list for PBXProject "Pokedex" */;
			compatibilityVersion = "Xcode 14.0";
			developmentRegion = en;
			hasScannedForEncodings = 0;
			knownRegions = (
				en,
				Base,
			);
			mainGroup = C0743622299999590085C29D;
			productRefGroup = C074362C299999590085C29D /* Products */;
			projectDirPath = "";
			projectRoot = "";
			targets = (
				C074362A299999590085C29D /* Pokedex */,
				C074363A2999995A0085C29D /* PokedexTests */,
				C07436442999995A0085C29D /* PokedexUITests */,
			);
		};
/* End PBXProject section */

/* Begin PBXResourcesBuildPhase section */
		C0743629299999590085C29D /* Resources */ = {
			isa = PBXResourcesBuildPhase;
			buildActionMask = 2147483647;
			files = (
				C07436362999995A0085C29D /* Preview Assets.xcassets in Resources */,
				C07436332999995A0085C29D /* Assets.xcassets in Resources */,
			);
			runOnlyForDeploymentPostprocessing = 0;
		};
		C07436392999995A0085C29D /* Resources */ = {
			isa = PBXResourcesBuildPhase;
			buildActionMask = 2147483647;
			files = (
			);
			runOnlyForDeploymentPostprocessing = 0;
		};
		C07436432999995A0085C29D /* Resources */ = {
			isa = PBXResourcesBuildPhase;
			buildActionMask = 2147483647;
			files = (
			);
			runOnlyForDeploymentPostprocessing = 0;
		};
/* End PBXResourcesBuildPhase section */

/* Begin PBXSourcesBuildPhase section */
		C0743627299999590085C29D /* Sources */ = {
			isa = PBXSourcesBuildPhase;
			buildActionMask = 2147483647;
			files = (
				C0743631299999590085C29D /* ContentView.swift in Sources */,
				C08ED8F42C95076E00DAE77A /* PokemonShortcuts.swift in Sources */,
				C0D290182C813970003B4612 /* PkmnTypeBadge.swift in Sources */,
				C0391A88299B2D68007E59C4 /* PokemonDescription.swift in Sources */,
				C07436602999A6DE0085C29D /* PokemonImage.swift in Sources */,
				C08AD9C1299BAC9700B25DAD /* CacheableImage.swift in Sources */,
				C074362F299999590085C29D /* PokedexApp.swift in Sources */,
				C074365E2999A1AA0085C29D /* PokemonSelected.swift in Sources */,
				C074365B29999A450085C29D /* Pokemon.swift in Sources */,
				C08ED8F22C95056E00DAE77A /* PokemonIntent.swift in Sources */,
			);
			runOnlyForDeploymentPostprocessing = 0;
		};
		C07436372999995A0085C29D /* Sources */ = {
			isa = PBXSourcesBuildPhase;
			buildActionMask = 2147483647;
			files = (
				C07436402999995A0085C29D /* PokedexTests.swift in Sources */,
			);
			runOnlyForDeploymentPostprocessing = 0;
		};
		C07436412999995A0085C29D /* Sources */ = {
			isa = PBXSourcesBuildPhase;
			buildActionMask = 2147483647;
			files = (
				C074364A2999995A0085C29D /* PokedexUITests.swift in Sources */,
				C074364C2999995A0085C29D /* PokedexUITestsLaunchTests.swift in Sources */,
			);
			runOnlyForDeploymentPostprocessing = 0;
		};
/* End PBXSourcesBuildPhase section */

/* Begin PBXTargetDependency section */
		C074363D2999995A0085C29D /* PBXTargetDependency */ = {
			isa = PBXTargetDependency;
			target = C074362A299999590085C29D /* Pokedex */;
			targetProxy = C074363C2999995A0085C29D /* PBXContainerItemProxy */;
		};
		C07436472999995A0085C29D /* PBXTargetDependency */ = {
			isa = PBXTargetDependency;
			target = C074362A299999590085C29D /* Pokedex */;
			targetProxy = C07436462999995A0085C29D /* PBXContainerItemProxy */;
		};
/* End PBXTargetDependency section */

/* Begin XCBuildConfiguration section */
		C074364D2999995A0085C29D /* Debug */ = {
			isa = XCBuildConfiguration;
			buildSettings = {
				ALWAYS_SEARCH_USER_PATHS = NO;
				CLANG_ANALYZER_NONNULL = YES;
				CLANG_ANALYZER_NUMBER_OBJECT_CONVERSION = YES_AGGRESSIVE;
				CLANG_CXX_LANGUAGE_STANDARD = "gnu++20";
				CLANG_ENABLE_MODULES = YES;
				CLANG_ENABLE_OBJC_ARC = YES;
				CLANG_ENABLE_OBJC_WEAK = YES;
				CLANG_WARN_BLOCK_CAPTURE_AUTORELEASING = YES;
				CLANG_WARN_BOOL_CONVERSION = YES;
				CLANG_WARN_COMMA = YES;
				CLANG_WARN_CONSTANT_CONVERSION = YES;
				CLANG_WARN_DEPRECATED_OBJC_IMPLEMENTATIONS = YES;
				CLANG_WARN_DIRECT_OBJC_ISA_USAGE = YES_ERROR;
				CLANG_WARN_DOCUMENTATION_COMMENTS = YES;
				CLANG_WARN_EMPTY_BODY = YES;
				CLANG_WARN_ENUM_CONVERSION = YES;
				CLANG_WARN_INFINITE_RECURSION = YES;
				CLANG_WARN_INT_CONVERSION = YES;
				CLANG_WARN_NON_LITERAL_NULL_CONVERSION = YES;
				CLANG_WARN_OBJC_IMPLICIT_RETAIN_SELF = YES;
				CLANG_WARN_OBJC_LITERAL_CONVERSION = YES;
				CLANG_WARN_OBJC_ROOT_CLASS = YES_ERROR;
				CLANG_WARN_QUOTED_INCLUDE_IN_FRAMEWORK_HEADER = YES;
				CLANG_WARN_RANGE_LOOP_ANALYSIS = YES;
				CLANG_WARN_STRICT_PROTOTYPES = YES;
				CLANG_WARN_SUSPICIOUS_MOVE = YES;
				CLANG_WARN_UNGUARDED_AVAILABILITY = YES_AGGRESSIVE;
				CLANG_WARN_UNREACHABLE_CODE = YES;
				CLANG_WARN__DUPLICATE_METHOD_MATCH = YES;
				COPY_PHASE_STRIP = NO;
				DEBUG_INFORMATION_FORMAT = dwarf;
				ENABLE_STRICT_OBJC_MSGSEND = YES;
				ENABLE_TESTABILITY = YES;
				GCC_C_LANGUAGE_STANDARD = gnu11;
				GCC_DYNAMIC_NO_PIC = NO;
				GCC_NO_COMMON_BLOCKS = YES;
				GCC_OPTIMIZATION_LEVEL = 0;
				GCC_PREPROCESSOR_DEFINITIONS = (
					"DEBUG=1",
					"$(inherited)",
				);
				GCC_WARN_64_TO_32_BIT_CONVERSION = YES;
				GCC_WARN_ABOUT_RETURN_TYPE = YES_ERROR;
				GCC_WARN_UNDECLARED_SELECTOR = YES;
				GCC_WARN_UNINITIALIZED_AUTOS = YES_AGGRESSIVE;
				GCC_WARN_UNUSED_FUNCTION = YES;
				GCC_WARN_UNUSED_VARIABLE = YES;
				IPHONEOS_DEPLOYMENT_TARGET = 16.0;
				MTL_ENABLE_DEBUG_INFO = INCLUDE_SOURCE;
				MTL_FAST_MATH = YES;
				ONLY_ACTIVE_ARCH = YES;
				SDKROOT = iphoneos;
				SWIFT_ACTIVE_COMPILATION_CONDITIONS = DEBUG;
				SWIFT_OPTIMIZATION_LEVEL = "-Onone";
			};
			name = Debug;
		};
		C074364E2999995A0085C29D /* Release */ = {
			isa = XCBuildConfiguration;
			buildSettings = {
				ALWAYS_SEARCH_USER_PATHS = NO;
				CLANG_ANALYZER_NONNULL = YES;
				CLANG_ANALYZER_NUMBER_OBJECT_CONVERSION = YES_AGGRESSIVE;
				CLANG_CXX_LANGUAGE_STANDARD = "gnu++20";
				CLANG_ENABLE_MODULES = YES;
				CLANG_ENABLE_OBJC_ARC = YES;
				CLANG_ENABLE_OBJC_WEAK = YES;
				CLANG_WARN_BLOCK_CAPTURE_AUTORELEASING = YES;
				CLANG_WARN_BOOL_CONVERSION = YES;
				CLANG_WARN_COMMA = YES;
				CLANG_WARN_CONSTANT_CONVERSION = YES;
				CLANG_WARN_DEPRECATED_OBJC_IMPLEMENTATIONS = YES;
				CLANG_WARN_DIRECT_OBJC_ISA_USAGE = YES_ERROR;
				CLANG_WARN_DOCUMENTATION_COMMENTS = YES;
				CLANG_WARN_EMPTY_BODY = YES;
				CLANG_WARN_ENUM_CONVERSION = YES;
				CLANG_WARN_INFINITE_RECURSION = YES;
				CLANG_WARN_INT_CONVERSION = YES;
				CLANG_WARN_NON_LITERAL_NULL_CONVERSION = YES;
				CLANG_WARN_OBJC_IMPLICIT_RETAIN_SELF = YES;
				CLANG_WARN_OBJC_LITERAL_CONVERSION = YES;
				CLANG_WARN_OBJC_ROOT_CLASS = YES_ERROR;
				CLANG_WARN_QUOTED_INCLUDE_IN_FRAMEWORK_HEADER = YES;
				CLANG_WARN_RANGE_LOOP_ANALYSIS = YES;
				CLANG_WARN_STRICT_PROTOTYPES = YES;
				CLANG_WARN_SUSPICIOUS_MOVE = YES;
				CLANG_WARN_UNGUARDED_AVAILABILITY = YES_AGGRESSIVE;
				CLANG_WARN_UNREACHABLE_CODE = YES;
				CLANG_WARN__DUPLICATE_METHOD_MATCH = YES;
				COPY_PHASE_STRIP = NO;
				DEBUG_INFORMATION_FORMAT = "dwarf-with-dsym";
				ENABLE_NS_ASSERTIONS = NO;
				ENABLE_STRICT_OBJC_MSGSEND = YES;
				GCC_C_LANGUAGE_STANDARD = gnu11;
				GCC_NO_COMMON_BLOCKS = YES;
				GCC_WARN_64_TO_32_BIT_CONVERSION = YES;
				GCC_WARN_ABOUT_RETURN_TYPE = YES_ERROR;
				GCC_WARN_UNDECLARED_SELECTOR = YES;
				GCC_WARN_UNINITIALIZED_AUTOS = YES_AGGRESSIVE;
				GCC_WARN_UNUSED_FUNCTION = YES;
				GCC_WARN_UNUSED_VARIABLE = YES;
				IPHONEOS_DEPLOYMENT_TARGET = 16.0;
				MTL_ENABLE_DEBUG_INFO = NO;
				MTL_FAST_MATH = YES;
				SDKROOT = iphoneos;
				SWIFT_COMPILATION_MODE = wholemodule;
				SWIFT_OPTIMIZATION_LEVEL = "-O";
				VALIDATE_PRODUCT = YES;
			};
			name = Release;
		};
		C07436502999995A0085C29D /* Debug */ = {
			isa = XCBuildConfiguration;
			buildSettings = {
				ASSETCATALOG_COMPILER_APPICON_NAME = AppIcon;
				ASSETCATALOG_COMPILER_GLOBAL_ACCENT_COLOR_NAME = AccentColor;
				CODE_SIGN_STYLE = Automatic;
				CURRENT_PROJECT_VERSION = 1;
				DEVELOPMENT_ASSET_PATHS = "\"Pokedex/Preview Content\"";
				DEVELOPMENT_TEAM = 6H57JWHJ6S;
				ENABLE_PREVIEWS = YES;
				GENERATE_INFOPLIST_FILE = YES;
				INFOPLIST_KEY_UIApplicationSceneManifest_Generation = YES;
				INFOPLIST_KEY_UIApplicationSupportsIndirectInputEvents = YES;
				INFOPLIST_KEY_UILaunchScreen_Generation = YES;
				INFOPLIST_KEY_UISupportedInterfaceOrientations_iPad = "UIInterfaceOrientationPortrait UIInterfaceOrientationPortraitUpsideDown UIInterfaceOrientationLandscapeLeft UIInterfaceOrientationLandscapeRight";
				INFOPLIST_KEY_UISupportedInterfaceOrientations_iPhone = "UIInterfaceOrientationPortrait UIInterfaceOrientationLandscapeLeft UIInterfaceOrientationLandscapeRight";
				LD_RUNPATH_SEARCH_PATHS = (
					"$(inherited)",
					"@executable_path/Frameworks",
				);
				MARKETING_VERSION = 1.0;
				PRODUCT_BUNDLE_IDENTIFIER = dev.mandomg.Pokedex;
				PRODUCT_NAME = "$(TARGET_NAME)";
				SWIFT_EMIT_LOC_STRINGS = YES;
				SWIFT_VERSION = 5.0;
				TARGETED_DEVICE_FAMILY = "1,2";
			};
			name = Debug;
		};
		C07436512999995A0085C29D /* Release */ = {
			isa = XCBuildConfiguration;
			buildSettings = {
				ASSETCATALOG_COMPILER_APPICON_NAME = AppIcon;
				ASSETCATALOG_COMPILER_GLOBAL_ACCENT_COLOR_NAME = AccentColor;
				CODE_SIGN_STYLE = Automatic;
				CURRENT_PROJECT_VERSION = 1;
				DEVELOPMENT_ASSET_PATHS = "\"Pokedex/Preview Content\"";
				DEVELOPMENT_TEAM = 6H57JWHJ6S;
				ENABLE_PREVIEWS = YES;
				GENERATE_INFOPLIST_FILE = YES;
				INFOPLIST_KEY_UIApplicationSceneManifest_Generation = YES;
				INFOPLIST_KEY_UIApplicationSupportsIndirectInputEvents = YES;
				INFOPLIST_KEY_UILaunchScreen_Generation = YES;
				INFOPLIST_KEY_UISupportedInterfaceOrientations_iPad = "UIInterfaceOrientationPortrait UIInterfaceOrientationPortraitUpsideDown UIInterfaceOrientationLandscapeLeft UIInterfaceOrientationLandscapeRight";
				INFOPLIST_KEY_UISupportedInterfaceOrientations_iPhone = "UIInterfaceOrientationPortrait UIInterfaceOrientationLandscapeLeft UIInterfaceOrientationLandscapeRight";
				LD_RUNPATH_SEARCH_PATHS = (
					"$(inherited)",
					"@executable_path/Frameworks",
				);
				MARKETING_VERSION = 1.0;
				PRODUCT_BUNDLE_IDENTIFIER = dev.mandomg.Pokedex;
				PRODUCT_NAME = "$(TARGET_NAME)";
				SWIFT_EMIT_LOC_STRINGS = YES;
				SWIFT_VERSION = 5.0;
				TARGETED_DEVICE_FAMILY = "1,2";
			};
			name = Release;
		};
		C07436532999995A0085C29D /* Debug */ = {
			isa = XCBuildConfiguration;
			buildSettings = {
				ALWAYS_EMBED_SWIFT_STANDARD_LIBRARIES = YES;
				BUNDLE_LOADER = "$(TEST_HOST)";
				CODE_SIGN_STYLE = Automatic;
				CURRENT_PROJECT_VERSION = 1;
				DEVELOPMENT_TEAM = 6H57JWHJ6S;
				GENERATE_INFOPLIST_FILE = YES;
				IPHONEOS_DEPLOYMENT_TARGET = 16.0;
				MARKETING_VERSION = 1.0;
				PRODUCT_BUNDLE_IDENTIFIER = dev.mandomg.PokedexTests;
				PRODUCT_NAME = "$(TARGET_NAME)";
				SWIFT_EMIT_LOC_STRINGS = NO;
				SWIFT_VERSION = 5.0;
				TARGETED_DEVICE_FAMILY = "1,2";
				TEST_HOST = "$(BUILT_PRODUCTS_DIR)/Pokedex.app/$(BUNDLE_EXECUTABLE_FOLDER_PATH)/Pokedex";
			};
			name = Debug;
		};
		C07436542999995A0085C29D /* Release */ = {
			isa = XCBuildConfiguration;
			buildSettings = {
				ALWAYS_EMBED_SWIFT_STANDARD_LIBRARIES = YES;
				BUNDLE_LOADER = "$(TEST_HOST)";
				CODE_SIGN_STYLE = Automatic;
				CURRENT_PROJECT_VERSION = 1;
				DEVELOPMENT_TEAM = 6H57JWHJ6S;
				GENERATE_INFOPLIST_FILE = YES;
				IPHONEOS_DEPLOYMENT_TARGET = 16.0;
				MARKETING_VERSION = 1.0;
				PRODUCT_BUNDLE_IDENTIFIER = dev.mandomg.PokedexTests;
				PRODUCT_NAME = "$(TARGET_NAME)";
				SWIFT_EMIT_LOC_STRINGS = NO;
				SWIFT_VERSION = 5.0;
				TARGETED_DEVICE_FAMILY = "1,2";
				TEST_HOST = "$(BUILT_PRODUCTS_DIR)/Pokedex.app/$(BUNDLE_EXECUTABLE_FOLDER_PATH)/Pokedex";
			};
			name = Release;
		};
		C07436562999995A0085C29D /* Debug */ = {
			isa = XCBuildConfiguration;
			buildSettings = {
				ALWAYS_EMBED_SWIFT_STANDARD_LIBRARIES = YES;
				CODE_SIGN_STYLE = Automatic;
				CURRENT_PROJECT_VERSION = 1;
				DEVELOPMENT_TEAM = 6H57JWHJ6S;
				GENERATE_INFOPLIST_FILE = YES;
				MARKETING_VERSION = 1.0;
				PRODUCT_BUNDLE_IDENTIFIER = dev.mandomg.PokedexUITests;
				PRODUCT_NAME = "$(TARGET_NAME)";
				SWIFT_EMIT_LOC_STRINGS = NO;
				SWIFT_VERSION = 5.0;
				TARGETED_DEVICE_FAMILY = "1,2";
				TEST_TARGET_NAME = Pokedex;
			};
			name = Debug;
		};
		C07436572999995A0085C29D /* Release */ = {
			isa = XCBuildConfiguration;
			buildSettings = {
				ALWAYS_EMBED_SWIFT_STANDARD_LIBRARIES = YES;
				CODE_SIGN_STYLE = Automatic;
				CURRENT_PROJECT_VERSION = 1;
				DEVELOPMENT_TEAM = 6H57JWHJ6S;
				GENERATE_INFOPLIST_FILE = YES;
				MARKETING_VERSION = 1.0;
				PRODUCT_BUNDLE_IDENTIFIER = dev.mandomg.PokedexUITests;
				PRODUCT_NAME = "$(TARGET_NAME)";
				SWIFT_EMIT_LOC_STRINGS = NO;
				SWIFT_VERSION = 5.0;
				TARGETED_DEVICE_FAMILY = "1,2";
				TEST_TARGET_NAME = Pokedex;
			};
			name = Release;
		};
/* End XCBuildConfiguration section */

/* Begin XCConfigurationList section */
		C0743626299999590085C29D /* Build configuration list for PBXProject "Pokedex" */ = {
			isa = XCConfigurationList;
			buildConfigurations = (
				C074364D2999995A0085C29D /* Debug */,
				C074364E2999995A0085C29D /* Release */,
			);
			defaultConfigurationIsVisible = 0;
			defaultConfigurationName = Release;
		};
		C074364F2999995A0085C29D /* Build configuration list for PBXNativeTarget "Pokedex" */ = {
			isa = XCConfigurationList;
			buildConfigurations = (
				C07436502999995A0085C29D /* Debug */,
				C07436512999995A0085C29D /* Release */,
			);
			defaultConfigurationIsVisible = 0;
			defaultConfigurationName = Release;
		};
		C07436522999995A0085C29D /* Build configuration list for PBXNativeTarget "PokedexTests" */ = {
			isa = XCConfigurationList;
			buildConfigurations = (
				C07436532999995A0085C29D /* Debug */,
				C07436542999995A0085C29D /* Release */,
			);
			defaultConfigurationIsVisible = 0;
			defaultConfigurationName = Release;
		};
		C07436552999995A0085C29D /* Build configuration list for PBXNativeTarget "PokedexUITests" */ = {
			isa = XCConfigurationList;
			buildConfigurations = (
				C07436562999995A0085C29D /* Debug */,
				C07436572999995A0085C29D /* Release */,
			);
			defaultConfigurationIsVisible = 0;
			defaultConfigurationName = Release;
		};
/* End XCConfigurationList section */
	};
	rootObject = C0743623299999590085C29D /* Project object */;
}
